
Microsoft Visual Studio Solution File, Format Version 12.00
# Visual Studio 14
VisualStudioVersion = 14.0.24720.0
MinimumVisualStudioVersion = 10.0.40219.1
Project("{FAE04EC0-301F-11D3-BF4B-00C04F79EFBC}") = "RuthAaronPairs", "RuthAaronPairs\RuthAaronPairs.csproj", "{C4760949-A180-4DB6-BB83-5B5B433285C1}"
EndProject
Project("{FAE04EC0-301F-11D3-BF4B-00C04F79EFBC}") = "RuthAaronPairsTest", "RuthAaronPairsTest\RuthAaronPairsTest.csproj", "{6E774556-6C94-43A4-A700-A19519989507}"
EndProject
Global
	GlobalSection(SolutionConfigurationPlatforms) = preSolution
		Debug|Any CPU = Debug|Any CPU
		Release|Any CPU = Release|Any CPU
	EndGlobalSection
	GlobalSection(ProjectConfigurationPlatforms) = postSolution
		{C4760949-A180-4DB6-BB83-5B5B433285C1}.Debug|Any CPU.ActiveCfg = Debug|Any CPU
		{C4760949-A180-4DB6-BB83-5B5B433285C1}.Debug|Any CPU.Build.0 = Debug|Any CPU
		{C4760949-A180-4DB6-BB83-5B5B433285C1}.Release|Any CPU.ActiveCfg = Release|Any CPU
		{C4760949-A180-4DB6-BB83-5B5B433285C1}.Release|Any CPU.Build.0 = Release|Any CPU
		{6E774556-6C94-43A4-A700-A19519989507}.Debug|Any CPU.ActiveCfg = Debug|Any CPU
		{6E774556-6C94-43A4-A700-A19519989507}.Debug|Any CPU.Build.0 = Debug|Any CPU
		{6E774556-6C94-43A4-A700-A19519989507}.Release|Any CPU.ActiveCfg = Release|Any CPU
		{6E774556-6C94-43A4-A700-A19519989507}.Release|Any CPU.Build.0 = Release|Any CPU
	EndGlobalSection
	GlobalSection(SolutionProperties) = preSolution
		HideSolutionNode = FALSE
	EndGlobalSection
EndGlobal
